# This file is automatically @generated by Cargo.
# It is not intended for manual editing.
version = 3

[[package]]
name = "ecow"
version = "0.2.2"
source = "registry+https://github.com/rust-lang/crates.io-index"
checksum = "54bfbb1708988623190a6c4dbedaeaf0f53c20c6395abd6a01feb327b3146f4b"

[[package]]
name = "myc"
version = "0.1.0"
dependencies = [
 "ecow",
]
